
Microsoft Visual Studio Solution File, Format Version 12.00
# Visual Studio Version 17
VisualStudioVersion = 17.1.32328.378
MinimumVisualStudioVersion = 10.0.40219.1
Project("{FAE04EC0-301F-11D3-BF4B-00C04F79EFBC}") = "QuanLySachPQL", "QuanLySachPQL\QuanLySachPQL.csproj", "{E03FDFFA-5415-4B9D-8E11-4406E4BD61A3}"
EndProject
Global
	GlobalSection(SolutionConfigurationPlatforms) = preSolution
		Debug|Any CPU = Debug|Any CPU
		Release|Any CPU = Release|Any CPU
	EndGlobalSection
	GlobalSection(ProjectConfigurationPlatforms) = postSolution
		{E03FDFFA-5415-4B9D-8E11-4406E4BD61A3}.Debug|Any CPU.ActiveCfg = Debug|Any CPU
		{E03FDFFA-5415-4B9D-8E11-4406E4BD61A3}.Debug|Any CPU.Build.0 = Debug|Any CPU
		{E03FDFFA-5415-4B9D-8E11-4406E4BD61A3}.Release|Any CPU.ActiveCfg = Release|Any CPU
		{E03FDFFA-5415-4B9D-8E11-4406E4BD61A3}.Release|Any CPU.Build.0 = Release|Any CPU
	EndGlobalSection
	GlobalSection(SolutionProperties) = preSolution
		HideSolutionNode = FALSE
	EndGlobalSection
	GlobalSection(ExtensibilityGlobals) = postSolution
		SolutionGuid = {CEDF8492-C2E2-49D7-9039-9FE0F80EAA7F}
	EndGlobalSection
EndGlobal
